
Microsoft Visual Studio Solution File, Format Version 12.00
# Visual Studio Version 17
VisualStudioVersion = 17.12.35527.113
MinimumVisualStudioVersion = 10.0.40219.1
Project("{2150E333-8FDC-42A3-9474-1A3956D46DE8}") = "src", "src", "{57A79280-6426-4CB1-A1D9-159F3A90A4B8}"
EndProject
Project("{2150E333-8FDC-42A3-9474-1A3956D46DE8}") = "01-Domain", "01-Domain", "{ECC2195E-52CC-4E30-8771-F34DF2B3CEC5}"
EndProject
Project("{2150E333-8FDC-42A3-9474-1A3956D46DE8}") = "03-EndPoints", "03-EndPoints", "{E055D140-4FD4-4285-94C7-15D75F44249B}"
EndProject
Project("{2150E333-8FDC-42A3-9474-1A3956D46DE8}") = "tests", "tests", "{2CBB8A28-25A8-4488-9915-396E50011F24}"
EndProject
Project("{2150E333-8FDC-42A3-9474-1A3956D46DE8}") = "packages", "packages", "{ABA2AEFC-0995-4F4C-AE0C-9CDF5E54D140}"
EndProject
Project("{2150E333-8FDC-42A3-9474-1A3956D46DE8}") = "src-pkg", "src-pkg", "{7C8BE813-A520-4EDF-B728-2242B10EC045}"
EndProject
Project("{2150E333-8FDC-42A3-9474-1A3956D46DE8}") = "Core", "Core", "{C8F1A16D-2F7F-4BE4-AC7A-892DB21A37C3}"
EndProject
Project("{2150E333-8FDC-42A3-9474-1A3956D46DE8}") = "Services", "Services", "{B9FB4391-AAC8-4525-985A-9B27461BC940}"
EndProject
Project("{FAE04EC0-301F-11D3-BF4B-00C04F79EFBC}") = "App.Domain.Core", "src\App.Domain.Core\App.Domain.Core.csproj", "{CF1AB3DD-90CA-4274-A2C6-7FF8C3D7903B}"
EndProject
Project("{FAE04EC0-301F-11D3-BF4B-00C04F79EFBC}") = "App.Domain.AppServices", "src\App.Domain.AppServices\App.Domain.AppServices.csproj", "{551779C8-8D39-4CC9-8EA8-487456AB84BB}"
EndProject
Project("{FAE04EC0-301F-11D3-BF4B-00C04F79EFBC}") = "App.Domain.Services", "src\App.Domain.Services\App.Domain.Services.csproj", "{13FE5D5F-1D61-48F2-9006-6B1107F53A95}"
EndProject
Project("{FAE04EC0-301F-11D3-BF4B-00C04F79EFBC}") = "App.EndPoint.MVC.ATM", "src\App.EndPoint.MVC.ATM\App.EndPoint.MVC.ATM.csproj", "{CEC44BEE-8E7F-406D-98FB-34654BB7D88E}"
EndProject
Project("{2150E333-8FDC-42A3-9474-1A3956D46DE8}") = "02-Infrastructures", "02-Infrastructures", "{34CD6E71-62A3-4946-8EBC-D1B1E5E49DC6}"
EndProject
Project("{2150E333-8FDC-42A3-9474-1A3956D46DE8}") = "DataAcces", "DataAcces", "{52C42028-95AA-4126-A4C2-6B9693C121CF}"
EndProject
Project("{FAE04EC0-301F-11D3-BF4B-00C04F79EFBC}") = "App.Infra.Data.Repos.Ef", "src\App.Infra.Data.Repos.Ef\App.Infra.Data.Repos.Ef.csproj", "{A7118759-157E-42E5-9CFA-D4FCECFD81C7}"
EndProject
Project("{2150E333-8FDC-42A3-9474-1A3956D46DE8}") = "Db", "Db", "{8248A580-EDA5-42B9-9CFA-61E23F131E58}"
EndProject
Project("{FAE04EC0-301F-11D3-BF4B-00C04F79EFBC}") = "App.Infra.Data.Db.SqlServer.Ef", "src\App.Infra.Data.Db.SqlServer.Ef\App.Infra.Data.Db.SqlServer.Ef.csproj", "{6799685D-DD98-4AB0-A89C-9C13B6F19C2B}"
EndProject
Project("{FAE04EC0-301F-11D3-BF4B-00C04F79EFBC}") = "App.EndPoint.ConsolApp.ATM", "src\App.EndPoint.ConsolApp.ATM\App.EndPoint.ConsolApp.ATM.csproj", "{B3CDF396-8B7D-45BB-93A2-BBDF3316A582}"
EndProject
Global
	GlobalSection(SolutionConfigurationPlatforms) = preSolution
		Debug|Any CPU = Debug|Any CPU
		Release|Any CPU = Release|Any CPU
	EndGlobalSection
	GlobalSection(ProjectConfigurationPlatforms) = postSolution
		{CF1AB3DD-90CA-4274-A2C6-7FF8C3D7903B}.Debug|Any CPU.ActiveCfg = Debug|Any CPU
		{CF1AB3DD-90CA-4274-A2C6-7FF8C3D7903B}.Debug|Any CPU.Build.0 = Debug|Any CPU
		{CF1AB3DD-90CA-4274-A2C6-7FF8C3D7903B}.Release|Any CPU.ActiveCfg = Release|Any CPU
		{CF1AB3DD-90CA-4274-A2C6-7FF8C3D7903B}.Release|Any CPU.Build.0 = Release|Any CPU
		{551779C8-8D39-4CC9-8EA8-487456AB84BB}.Debug|Any CPU.ActiveCfg = Debug|Any CPU
		{551779C8-8D39-4CC9-8EA8-487456AB84BB}.Debug|Any CPU.Build.0 = Debug|Any CPU
		{551779C8-8D39-4CC9-8EA8-487456AB84BB}.Release|Any CPU.ActiveCfg = Release|Any CPU
		{551779C8-8D39-4CC9-8EA8-487456AB84BB}.Release|Any CPU.Build.0 = Release|Any CPU
		{13FE5D5F-1D61-48F2-9006-6B1107F53A95}.Debug|Any CPU.ActiveCfg = Debug|Any CPU
		{13FE5D5F-1D61-48F2-9006-6B1107F53A95}.Debug|Any CPU.Build.0 = Debug|Any CPU
		{13FE5D5F-1D61-48F2-9006-6B1107F53A95}.Release|Any CPU.ActiveCfg = Release|Any CPU
		{13FE5D5F-1D61-48F2-9006-6B1107F53A95}.Release|Any CPU.Build.0 = Release|Any CPU
		{CEC44BEE-8E7F-406D-98FB-34654BB7D88E}.Debug|Any CPU.ActiveCfg = Debug|Any CPU
		{CEC44BEE-8E7F-406D-98FB-34654BB7D88E}.Debug|Any CPU.Build.0 = Debug|Any CPU
		{CEC44BEE-8E7F-406D-98FB-34654BB7D88E}.Release|Any CPU.ActiveCfg = Release|Any CPU
		{CEC44BEE-8E7F-406D-98FB-34654BB7D88E}.Release|Any CPU.Build.0 = Release|Any CPU
		{A7118759-157E-42E5-9CFA-D4FCECFD81C7}.Debug|Any CPU.ActiveCfg = Debug|Any CPU
		{A7118759-157E-42E5-9CFA-D4FCECFD81C7}.Debug|Any CPU.Build.0 = Debug|Any CPU
		{A7118759-157E-42E5-9CFA-D4FCECFD81C7}.Release|Any CPU.ActiveCfg = Release|Any CPU
		{A7118759-157E-42E5-9CFA-D4FCECFD81C7}.Release|Any CPU.Build.0 = Release|Any CPU
		{6799685D-DD98-4AB0-A89C-9C13B6F19C2B}.Debug|Any CPU.ActiveCfg = Debug|Any CPU
		{6799685D-DD98-4AB0-A89C-9C13B6F19C2B}.Debug|Any CPU.Build.0 = Debug|Any CPU
		{6799685D-DD98-4AB0-A89C-9C13B6F19C2B}.Release|Any CPU.ActiveCfg = Release|Any CPU
		{6799685D-DD98-4AB0-A89C-9C13B6F19C2B}.Release|Any CPU.Build.0 = Release|Any CPU
		{B3CDF396-8B7D-45BB-93A2-BBDF3316A582}.Debug|Any CPU.ActiveCfg = Debug|Any CPU
		{B3CDF396-8B7D-45BB-93A2-BBDF3316A582}.Debug|Any CPU.Build.0 = Debug|Any CPU
		{B3CDF396-8B7D-45BB-93A2-BBDF3316A582}.Release|Any CPU.ActiveCfg = Release|Any CPU
		{B3CDF396-8B7D-45BB-93A2-BBDF3316A582}.Release|Any CPU.Build.0 = Release|Any CPU
	EndGlobalSection
	GlobalSection(SolutionProperties) = preSolution
		HideSolutionNode = FALSE
	EndGlobalSection
	GlobalSection(NestedProjects) = preSolution
		{ECC2195E-52CC-4E30-8771-F34DF2B3CEC5} = {57A79280-6426-4CB1-A1D9-159F3A90A4B8}
		{E055D140-4FD4-4285-94C7-15D75F44249B} = {57A79280-6426-4CB1-A1D9-159F3A90A4B8}
		{C8F1A16D-2F7F-4BE4-AC7A-892DB21A37C3} = {ECC2195E-52CC-4E30-8771-F34DF2B3CEC5}
		{B9FB4391-AAC8-4525-985A-9B27461BC940} = {ECC2195E-52CC-4E30-8771-F34DF2B3CEC5}
		{CF1AB3DD-90CA-4274-A2C6-7FF8C3D7903B} = {C8F1A16D-2F7F-4BE4-AC7A-892DB21A37C3}
		{551779C8-8D39-4CC9-8EA8-487456AB84BB} = {B9FB4391-AAC8-4525-985A-9B27461BC940}
		{13FE5D5F-1D61-48F2-9006-6B1107F53A95} = {B9FB4391-AAC8-4525-985A-9B27461BC940}
		{CEC44BEE-8E7F-406D-98FB-34654BB7D88E} = {E055D140-4FD4-4285-94C7-15D75F44249B}
		{34CD6E71-62A3-4946-8EBC-D1B1E5E49DC6} = {57A79280-6426-4CB1-A1D9-159F3A90A4B8}
		{52C42028-95AA-4126-A4C2-6B9693C121CF} = {34CD6E71-62A3-4946-8EBC-D1B1E5E49DC6}
		{A7118759-157E-42E5-9CFA-D4FCECFD81C7} = {52C42028-95AA-4126-A4C2-6B9693C121CF}
		{8248A580-EDA5-42B9-9CFA-61E23F131E58} = {34CD6E71-62A3-4946-8EBC-D1B1E5E49DC6}
		{6799685D-DD98-4AB0-A89C-9C13B6F19C2B} = {8248A580-EDA5-42B9-9CFA-61E23F131E58}
		{B3CDF396-8B7D-45BB-93A2-BBDF3316A582} = {E055D140-4FD4-4285-94C7-15D75F44249B}
	EndGlobalSection
EndGlobal
